github.com/joho/godotenv v1.3.0 h1:Zjp+RcGpHhGlrMbJzXTrZZPrWj+1vfm90La1wgB6Bhc=
github.com/joho/godotenv v1.3.0/go.mod h1:7hK45KPybAkOC6peb+G5yklZfMxEjkZhHbwpqxOKXbg=
golang.org/x/exp v0.0.0-20201008143054-e3b2a7f2fdc7 h1:2/QncOxxpPAdiH+E00abYw/SaQG353gltz79Nl1zrYE=
golang.org/x/exp/errors v0.0.0-20201008143054-e3b2a7f2fdc7 h1:owfAZMgrXPJJiBxmsUG66HVefjSHHn+uwkm0X1JPhV8=
golang.org/x/exp/errors v0.0.0-20201008143054-e3b2a7f2fdc7/go.mod h1:YgqsNsAu4fTvlab/7uiYK9LJrCIzKg/NiZUIH1/ayqo=
gopkg.in/alexcesaro/statsd.v2 v2.0.0 h1:FXkZSCZIH17vLCO5sO2UucTHsH9pc+17F6pl3JVCwMc=
gopkg.in/alexcesaro/statsd.v2 v2.0.0/go.mod h1:i0ubccKGzBVNBpdGV5MocxyA/XlLUJzA7SLonnE4drU=
